<?xml version="1.0" encoding="utf-8"?>
<Project ToolsVersion="4.0" xmlns="http://schemas.microsoft.com/developer/msbuild/2003">
  <ItemGroup>
    <Filter Include="Source Files">
      <UniqueIdentifier>{4FC737F1-C7A5-4376-A066-2A32D752A2FF}</UniqueIdentifier>
      <Extensions>cpp;c;cc;cxx;c++;cppm;ixx;def;odl;idl;hpj;bat;asm;asmx</Extensions>
    </Filter>
    <Filter Include="Header Files">
      <UniqueIdentifier>{93995380-89BD-4b04-88EB-625FBE52EBFB}</UniqueIdentifier>
      <Extensions>h;hh;hpp;hxx;h++;hm;inl;inc;ipp;xsd</Extensions>
    </Filter>
    <Filter Include="Make Scripts">
      <UniqueIdentifier>{67DA6AB6-F800-4c08-8B7A-83BB121AAD01}</UniqueIdentifier>
      <Extensions>rc;ico;cur;bmp;dlg;rc2;rct;bin;rgs;gif;jpg;jpeg;jpe;resx;tiff;tif;png;wav;mfcribbon-ms</Extensions>
    </Filter>
  </ItemGroup>
  <ItemGroup>
    <ClCompile Include="main.c">
      <Filter>Source Files</Filter>
    </ClCompile>
    <ClCompile Include="gprintf.c">
      <Filter>Source Files</Filter>
    </ClCompile>
    <ClCompile Include="includes\minjector.c">
      <Filter>Source Files</Filter>
    </ClCompile>
    <ClCompile Include="UnwiishedPS2Debug.c">
      <Filter>Source Files</Filter>
    </ClCompile>
    <ClCompile Include="nnPrint.c">
      <Filter>Source Files</Filter>
    </ClCompile>
    <ClCompile Include="nnRenderStuff.c">
      <Filter>Source Files</Filter>
    </ClCompile>
    <ClCompile Include="nnFlushPrint.c">
      <Filter>Source Files</Filter>
    </ClCompile>
    <ClCompile Include="bWare.c">
      <Filter>Source Files</Filter>
    </ClCompile>
    <ClCompile Include="FPSDisplay.c">
      <Filter>Source Files</Filter>
    </ClCompile>
    <ClCompile Include="MDebugSelectEx.c">
      <Filter>Source Files</Filter>
    </ClCompile>
    <ClCompile Include="MActionSonic.c">
      <Filter>Source Files</Filter>
    </ClCompile>
    <ClCompile Include="MAdventure.c">
      <Filter>Source Files</Filter>
    </ClCompile>
    <ClCompile Include="MItemGet.c">
      <Filter>Source Files</Filter>
    </ClCompile>
    <ClCompile Include="MOption.c">
      <Filter>Source Files</Filter>
    </ClCompile>
    <ClCompile Include="MTitle.c">
      <Filter>Source Files</Filter>
    </ClCompile>
    <ClCompile Include="MLoad.c">
      <Filter>Source Files</Filter>
    </ClCompile>
    <ClCompile Include="MSave.c">
      <Filter>Source Files</Filter>
    </ClCompile>
    <ClCompile Include="MWorld.c">
      <Filter>Source Files</Filter>
    </ClCompile>
    <ClCompile Include="MAttract.c">
      <Filter>Source Files</Filter>
    </ClCompile>
    <ClCompile Include="MMovie.c">
      <Filter>Source Files</Filter>
    </ClCompile>
    <ClCompile Include="MScenario.c">
      <Filter>Source Files</Filter>
    </ClCompile>
    <ClCompile Include="MCredit.c">
      <Filter>Source Files</Filter>
    </ClCompile>
    <ClCompile Include="MSaveMain.c">
      <Filter>Source Files</Filter>
    </ClCompile>
    <ClCompile Include="MAutoSave.c">
      <Filter>Source Files</Filter>
    </ClCompile>
    <ClCompile Include="MGalleryTop.c">
      <Filter>Source Files</Filter>
    </ClCompile>
    <ClCompile Include="MClearResult.c">
      <Filter>Source Files</Filter>
    </ClCompile>
    <ClCompile Include="MLastResult.c">
      <Filter>Source Files</Filter>
    </ClCompile>
    <ClCompile Include="MEvilResult3.c">
      <Filter>Source Files</Filter>
    </ClCompile>
    <ClCompile Include="MNextStageSelect.c">
      <Filter>Source Files</Filter>
    </ClCompile>
    <ClCompile Include="LowLevelPS2.c">
      <Filter>Source Files</Filter>
    </ClCompile>
  </ItemGroup>
  <ItemGroup>
    <None Include="linkfile">
      <Filter>Make Scripts</Filter>
    </None>
    <None Include="makefile">
      <Filter>Make Scripts</Filter>
    </None>
  </ItemGroup>
  <ItemGroup>
    <ClInclude Include="gprintf.h">
      <Filter>Header Files</Filter>
    </ClInclude>
    <ClInclude Include="includes\minjector.h">
      <Filter>Header Files</Filter>
    </ClInclude>
    <ClInclude Include="UnwiishedPS2Debug.h">
      <Filter>Header Files</Filter>
    </ClInclude>
    <ClInclude Include="nnPrint.h">
      <Filter>Header Files</Filter>
    </ClInclude>
    <ClInclude Include="nngPrintTexture.h">
      <Filter>Header Files</Filter>
    </ClInclude>
    <ClInclude Include="nnRenderStuff.h">
      <Filter>Header Files</Filter>
    </ClInclude>
    <ClInclude Include="nnFlushPrint.h">
      <Filter>Header Files</Filter>
    </ClInclude>
    <ClInclude Include="bWare.h">
      <Filter>Header Files</Filter>
    </ClInclude>
    <ClInclude Include="FPSDisplay.h">
      <Filter>Header Files</Filter>
    </ClInclude>
    <ClInclude Include="MDebugSelectEx.h">
      <Filter>Header Files</Filter>
    </ClInclude>
    <ClInclude Include="MActionSonic.h">
      <Filter>Header Files</Filter>
    </ClInclude>
    <ClInclude Include="MAdventure.h">
      <Filter>Header Files</Filter>
    </ClInclude>
    <ClInclude Include="MItemGet.h">
      <Filter>Header Files</Filter>
    </ClInclude>
    <ClInclude Include="MOption.h">
      <Filter>Header Files</Filter>
    </ClInclude>
    <ClInclude Include="MTitle.h">
      <Filter>Header Files</Filter>
    </ClInclude>
    <ClInclude Include="MLoad.h">
      <Filter>Header Files</Filter>
    </ClInclude>
    <ClInclude Include="MSave.h">
      <Filter>Header Files</Filter>
    </ClInclude>
    <ClInclude Include="MWorld.h">
      <Filter>Header Files</Filter>
    </ClInclude>
    <ClInclude Include="MAttract.h">
      <Filter>Header Files</Filter>
    </ClInclude>
    <ClInclude Include="MMovie.h">
      <Filter>Header Files</Filter>
    </ClInclude>
    <ClInclude Include="MScenario.h">
      <Filter>Header Files</Filter>
    </ClInclude>
    <ClInclude Include="MCredit.h">
      <Filter>Header Files</Filter>
    </ClInclude>
    <ClInclude Include="MSaveMain.h">
      <Filter>Header Files</Filter>
    </ClInclude>
    <ClInclude Include="MAutoSave.h">
      <Filter>Header Files</Filter>
    </ClInclude>
    <ClInclude Include="MGalleryTop.h">
      <Filter>Header Files</Filter>
    </ClInclude>
    <ClInclude Include="MClearResult.h">
      <Filter>Header Files</Filter>
    </ClInclude>
    <ClInclude Include="MLastResult.h">
      <Filter>Header Files</Filter>
    </ClInclude>
    <ClInclude Include="MEvilResult3.h">
      <Filter>Header Files</Filter>
    </ClInclude>
    <ClInclude Include="MNextStageSelect.h">
      <Filter>Header Files</Filter>
    </ClInclude>
    <ClInclude Include="LowLevelPS2.h">
      <Filter>Header Files</Filter>
    </ClInclude>
  </ItemGroup>
</Project>